# THIS IS AN AUTOGENERATED FILE. DO NOT EDIT THIS FILE DIRECTLY.
# yarn lockfile v1


"@trpc/server@10.44.1":
  version "10.44.1"
  resolved "https://registry.yarnpkg.com/@trpc/server/-/server-10.44.1.tgz#0d089a3cd5d1268aa8f6845a183329fcac7f2fac"
  integrity sha512-mF7B+K6LjuboX8I1RZgKE5GA/fJhsJ8tKGK2UBt3Bwik7hepEPb4NJgNr7vO6BK5IYwPdBLRLTctRw6XZx0sRg==

"@types/node@^22.2.0":
  version "22.2.0"
  resolved "https://registry.yarnpkg.com/@types/node/-/node-22.2.0.tgz#7cf046a99f0ba4d628ad3088cb21f790df9b0c5b"
  integrity sha512-bm6EG6/pCpkxDf/0gDNDdtDILMOHgaQBVOJGdwsqClnxA3xL6jtMv76rLBc006RVMWbmaf0xbmom4Z/5o2nRkQ==
  dependencies:
    undici-types "~6.13.0"

drizzle-orm@0.29.5:
  version "0.29.5"
  resolved "https://registry.yarnpkg.com/drizzle-orm/-/drizzle-orm-0.29.5.tgz#b82bb6d67101fff9438dacd4b09e9cd23109f49c"
  integrity sha512-jS3+uyzTz4P0Y2CICx8FmRQ1eplURPaIMWDn/yq6k4ShRFj9V7vlJk67lSf2kyYPzQ60GkkNGXcJcwrxZ6QCRw==

typescript@^4.0.0:
  version "4.9.5"
  resolved "https://registry.yarnpkg.com/typescript/-/typescript-4.9.5.tgz#095979f9bcc0d09da324d58d03ce8f8374cbe65a"
  integrity sha512-1FXk9E2Hm+QzZQ7z+McJiHL4NW1F2EzMu9Nq9i3zAaGqibafqYwCVU6WyWAuyQRRzOlxou8xZSyXLEN8oKj24g==

typescript@^5.5.4:
  version "5.5.4"
  resolved "https://registry.yarnpkg.com/typescript/-/typescript-5.5.4.tgz#d9852d6c82bad2d2eda4fd74a5762a8f5909e9ba"
  integrity sha512-Mtq29sKDAEYP7aljRgtPOpTvOfbwRWlS6dPRzwjdE+C0R4brX/GUyhHSecbHMFLNBLcJIPt9nl9yG5TZ1weH+Q==

undici-types@~6.13.0:
  version "6.13.0"
  resolved "https://registry.yarnpkg.com/undici-types/-/undici-types-6.13.0.tgz#e3e79220ab8c81ed1496b5812471afd7cf075ea5"
  integrity sha512-xtFJHudx8S2DSoujjMd1WeWvn7KKWFRESZTMeL1RptAYERu29D6jphMjjY+vn96jvN3kVPDNxU/E13VTaXj6jg==

zod@^3.23.8:
  version "3.23.8"
  resolved "https://registry.yarnpkg.com/zod/-/zod-3.23.8.tgz#e37b957b5d52079769fb8097099b592f0ef4067d"
  integrity sha512-XBx9AXhXktjUqnepgTiE5flcKIYWi/rme0Eaj+5Y0lftuGBq+jyRu/md4WnuxqgP1ubdpNCsYEYPxrzVHD8d6g==
